
Microsoft Visual Studio Solution File, Format Version 12.00
# Visual Studio Version 17
VisualStudioVersion = 17.7.34221.43
MinimumVisualStudioVersion = 10.0.40219.1
Project("{FAE04EC0-301F-11D3-BF4B-00C04F79EFBC}") = "Лаба№4", "Лаба№4\Лаба№4.csproj", "{A8F2ECBA-D432-4ED0-AC68-8447ADF28DC5}"
EndProject
Global
	GlobalSection(SolutionConfigurationPlatforms) = preSolution
		Debug|Any CPU = Debug|Any CPU
		Release|Any CPU = Release|Any CPU
	EndGlobalSection
	GlobalSection(ProjectConfigurationPlatforms) = postSolution
		{A8F2ECBA-D432-4ED0-AC68-8447ADF28DC5}.Debug|Any CPU.ActiveCfg = Debug|Any CPU
		{A8F2ECBA-D432-4ED0-AC68-8447ADF28DC5}.Debug|Any CPU.Build.0 = Debug|Any CPU
		{A8F2ECBA-D432-4ED0-AC68-8447ADF28DC5}.Release|Any CPU.ActiveCfg = Release|Any CPU
		{A8F2ECBA-D432-4ED0-AC68-8447ADF28DC5}.Release|Any CPU.Build.0 = Release|Any CPU
	EndGlobalSection
	GlobalSection(SolutionProperties) = preSolution
		HideSolutionNode = FALSE
	EndGlobalSection
	GlobalSection(ExtensibilityGlobals) = postSolution
		SolutionGuid = {C7D49C6A-D36D-44B6-A4B5-DA3174F3B54A}
	EndGlobalSection
EndGlobal
