
Microsoft Visual Studio Solution File, Format Version 12.00
# Visual Studio Version 17
VisualStudioVersion = 17.7.34221.43
MinimumVisualStudioVersion = 10.0.40219.1
Project("{FAE04EC0-301F-11D3-BF4B-00C04F79EFBC}") = "Лаба№2", "Лаба№2\Лаба№2.csproj", "{772988CE-D192-4B19-9AAE-CD47A06FB11C}"
EndProject
Global
	GlobalSection(SolutionConfigurationPlatforms) = preSolution
		Debug|Any CPU = Debug|Any CPU
		Release|Any CPU = Release|Any CPU
	EndGlobalSection
	GlobalSection(ProjectConfigurationPlatforms) = postSolution
		{772988CE-D192-4B19-9AAE-CD47A06FB11C}.Debug|Any CPU.ActiveCfg = Debug|Any CPU
		{772988CE-D192-4B19-9AAE-CD47A06FB11C}.Debug|Any CPU.Build.0 = Debug|Any CPU
		{772988CE-D192-4B19-9AAE-CD47A06FB11C}.Release|Any CPU.ActiveCfg = Release|Any CPU
		{772988CE-D192-4B19-9AAE-CD47A06FB11C}.Release|Any CPU.Build.0 = Release|Any CPU
	EndGlobalSection
	GlobalSection(SolutionProperties) = preSolution
		HideSolutionNode = FALSE
	EndGlobalSection
	GlobalSection(ExtensibilityGlobals) = postSolution
		SolutionGuid = {DD63E69E-7FF0-4B41-A936-33708223EB2A}
	EndGlobalSection
EndGlobal
