
Microsoft Visual Studio Solution File, Format Version 12.00
# Visual Studio Version 17
VisualStudioVersion = 17.7.34221.43
MinimumVisualStudioVersion = 10.0.40219.1
Project("{FAE04EC0-301F-11D3-BF4B-00C04F79EFBC}") = "Лаба№5", "Лаба№5\Лаба№5.csproj", "{CF17D952-6DBE-425C-9DF0-BFA1A904702D}"
EndProject
Global
	GlobalSection(SolutionConfigurationPlatforms) = preSolution
		Debug|Any CPU = Debug|Any CPU
		Release|Any CPU = Release|Any CPU
	EndGlobalSection
	GlobalSection(ProjectConfigurationPlatforms) = postSolution
		{CF17D952-6DBE-425C-9DF0-BFA1A904702D}.Debug|Any CPU.ActiveCfg = Debug|Any CPU
		{CF17D952-6DBE-425C-9DF0-BFA1A904702D}.Debug|Any CPU.Build.0 = Debug|Any CPU
		{CF17D952-6DBE-425C-9DF0-BFA1A904702D}.Release|Any CPU.ActiveCfg = Release|Any CPU
		{CF17D952-6DBE-425C-9DF0-BFA1A904702D}.Release|Any CPU.Build.0 = Release|Any CPU
	EndGlobalSection
	GlobalSection(SolutionProperties) = preSolution
		HideSolutionNode = FALSE
	EndGlobalSection
	GlobalSection(ExtensibilityGlobals) = postSolution
		SolutionGuid = {E0AEF71C-47BD-4B8E-8C6E-C91A8E57AD1F}
	EndGlobalSection
EndGlobal
